
Microsoft Visual Studio Solution File, Format Version 12.00
# Visual Studio 2012
Project("{FAE04EC0-301F-11D3-BF4B-00C04F79EFBC}") = "MJGame", "MJGame\MJGame.csproj", "{31AEFBD4-10B1-4DCB-993B-1EC4A77641FB}"
EndProject
Global
	GlobalSection(SolutionConfigurationPlatforms) = preSolution
		Debug|Any CPU = Debug|Any CPU
		Release|Any CPU = Release|Any CPU
	EndGlobalSection
	GlobalSection(ProjectConfigurationPlatforms) = postSolution
		{31AEFBD4-10B1-4DCB-993B-1EC4A77641FB}.Debug|Any CPU.ActiveCfg = Debug|Any CPU
		{31AEFBD4-10B1-4DCB-993B-1EC4A77641FB}.Debug|Any CPU.Build.0 = Debug|Any CPU
		{31AEFBD4-10B1-4DCB-993B-1EC4A77641FB}.Release|Any CPU.ActiveCfg = Release|Any CPU
		{31AEFBD4-10B1-4DCB-993B-1EC4A77641FB}.Release|Any CPU.Build.0 = Release|Any CPU
	EndGlobalSection
	GlobalSection(SolutionProperties) = preSolution
		HideSolutionNode = FALSE
	EndGlobalSection
EndGlobal
